github.com/pocketbase/dbx v1.12.0 h1:/oLErM+A0b4xI0PWTGPqSDVjzix48PqI/bng2l0PzoA=
github.com/pocketbase/dbx v1.12.0/go.mod h1:xXRCIAKTHMgUCyCKZm55pUOdvFziJjQfXaWKhu2vhMs=
github.com/pocketbase/pocketbase v0.40.4 h1:0SvSUreR3NhUMCs9LchE59oEG53efZ3cKiMGyAGBN9U=
github.com/pocketbase/pocketbase v0.40.4/go.mod h1:2mU+80FLiY1fb13WZRg8Xx/lKg4nTjgKVJMigyRH6k0=
